
Microsoft Visual Studio Solution File, Format Version 12.00
# Visual Studio Version 17
VisualStudioVersion = 17.8.34322.80
MinimumVisualStudioVersion = 10.0.40219.1
Project("{FAE04EC0-301F-11D3-BF4B-00C04F79EFBC}") = "worldODataBook", "worldODataBook\worldODataBook.csproj", "{C6F7DA18-9E0F-4E06-B9FF-7274358703FB}"
EndProject
Global
	GlobalSection(SolutionConfigurationPlatforms) = preSolution
		Debug|Any CPU = Debug|Any CPU
		Release|Any CPU = Release|Any CPU
	EndGlobalSection
	GlobalSection(ProjectConfigurationPlatforms) = postSolution
		{C6F7DA18-9E0F-4E06-B9FF-7274358703FB}.Debug|Any CPU.ActiveCfg = Debug|Any CPU
		{C6F7DA18-9E0F-4E06-B9FF-7274358703FB}.Debug|Any CPU.Build.0 = Debug|Any CPU
		{C6F7DA18-9E0F-4E06-B9FF-7274358703FB}.Release|Any CPU.ActiveCfg = Release|Any CPU
		{C6F7DA18-9E0F-4E06-B9FF-7274358703FB}.Release|Any CPU.Build.0 = Release|Any CPU
	EndGlobalSection
	GlobalSection(SolutionProperties) = preSolution
		HideSolutionNode = FALSE
	EndGlobalSection
	GlobalSection(ExtensibilityGlobals) = postSolution
		SolutionGuid = {7B3DAD8B-5096-42AC-87FE-A9BF71EC2201}
	EndGlobalSection
EndGlobal
